
Microsoft Visual Studio Solution File, Format Version 12.00
# Visual Studio Version 17
VisualStudioVersion = 17.10.35027.167
MinimumVisualStudioVersion = 10.0.40219.1
Project("{9A19103F-16F7-4668-BE54-9A1E7A4F7556}") = "BLL", "BLL\BLL.csproj", "{FB0943E0-99F2-4069-A061-CE6F0046C743}"
EndProject
Project("{9A19103F-16F7-4668-BE54-9A1E7A4F7556}") = "Common", "Common\Common.csproj", "{2231F34E-E470-4E1A-850D-0F5188BD00CD}"
EndProject
Project("{9A19103F-16F7-4668-BE54-9A1E7A4F7556}") = "DAL", "DAL\DAL.csproj", "{F6C8F95B-6686-44F0-A84D-0B886CA71AA7}"
EndProject
Project("{9A19103F-16F7-4668-BE54-9A1E7A4F7556}") = "PsychoEduSystem", "PsychoEduSystem\PsychoEduSystem.csproj", "{F71BF27A-1CBF-423D-AD7B-EA3E39E68C78}"
EndProject
Global
	GlobalSection(SolutionConfigurationPlatforms) = preSolution
		Debug|Any CPU = Debug|Any CPU
		Release|Any CPU = Release|Any CPU
	EndGlobalSection
	GlobalSection(ProjectConfigurationPlatforms) = postSolution
		{FB0943E0-99F2-4069-A061-CE6F0046C743}.Debug|Any CPU.ActiveCfg = Debug|Any CPU
		{FB0943E0-99F2-4069-A061-CE6F0046C743}.Debug|Any CPU.Build.0 = Debug|Any CPU
		{FB0943E0-99F2-4069-A061-CE6F0046C743}.Release|Any CPU.ActiveCfg = Release|Any CPU
		{FB0943E0-99F2-4069-A061-CE6F0046C743}.Release|Any CPU.Build.0 = Release|Any CPU
		{2231F34E-E470-4E1A-850D-0F5188BD00CD}.Debug|Any CPU.ActiveCfg = Debug|Any CPU
		{2231F34E-E470-4E1A-850D-0F5188BD00CD}.Debug|Any CPU.Build.0 = Debug|Any CPU
		{2231F34E-E470-4E1A-850D-0F5188BD00CD}.Release|Any CPU.ActiveCfg = Release|Any CPU
		{2231F34E-E470-4E1A-850D-0F5188BD00CD}.Release|Any CPU.Build.0 = Release|Any CPU
		{F6C8F95B-6686-44F0-A84D-0B886CA71AA7}.Debug|Any CPU.ActiveCfg = Debug|Any CPU
		{F6C8F95B-6686-44F0-A84D-0B886CA71AA7}.Debug|Any CPU.Build.0 = Debug|Any CPU
		{F6C8F95B-6686-44F0-A84D-0B886CA71AA7}.Release|Any CPU.ActiveCfg = Release|Any CPU
		{F6C8F95B-6686-44F0-A84D-0B886CA71AA7}.Release|Any CPU.Build.0 = Release|Any CPU
		{F71BF27A-1CBF-423D-AD7B-EA3E39E68C78}.Debug|Any CPU.ActiveCfg = Debug|Any CPU
		{F71BF27A-1CBF-423D-AD7B-EA3E39E68C78}.Debug|Any CPU.Build.0 = Debug|Any CPU
		{F71BF27A-1CBF-423D-AD7B-EA3E39E68C78}.Release|Any CPU.ActiveCfg = Release|Any CPU
		{F71BF27A-1CBF-423D-AD7B-EA3E39E68C78}.Release|Any CPU.Build.0 = Release|Any CPU
	EndGlobalSection
	GlobalSection(SolutionProperties) = preSolution
		HideSolutionNode = FALSE
	EndGlobalSection
	GlobalSection(ExtensibilityGlobals) = postSolution
		SolutionGuid = {A3D393BF-B816-4A30-BE22-E56349325D46}
	EndGlobalSection
EndGlobal
